
Microsoft Visual Studio Solution File, Format Version 12.00
# Visual Studio 15
VisualStudioVersion = 15.0.26124.0
MinimumVisualStudioVersion = 15.0.26124.0
Project("{FAE04EC0-301F-11D3-BF4B-00C04F79EFBC}") = "EBook.Downloader.Common", "EBook.Downloader.Common\EBook.Downloader.Common.csproj", "{805AAAE2-1B83-431F-82A9-74F7AAFB13F3}"
EndProject
Project("{FAE04EC0-301F-11D3-BF4B-00C04F79EFBC}") = "EBook.Downloader.Standard.EBooks", "EBook.Downloader.Standard.EBooks\EBook.Downloader.Standard.EBooks.csproj", "{82999C42-B5E8-49CD-A86F-8A3F34C074CD}"
EndProject
Global
	GlobalSection(SolutionConfigurationPlatforms) = preSolution
		Debug|Any CPU = Debug|Any CPU
		Debug|x64 = Debug|x64
		Debug|x86 = Debug|x86
		Release|Any CPU = Release|Any CPU
		Release|x64 = Release|x64
		Release|x86 = Release|x86
	EndGlobalSection
	GlobalSection(SolutionProperties) = preSolution
		HideSolutionNode = FALSE
	EndGlobalSection
	GlobalSection(ProjectConfigurationPlatforms) = postSolution
		{805AAAE2-1B83-431F-82A9-74F7AAFB13F3}.Debug|Any CPU.ActiveCfg = Debug|Any CPU
		{805AAAE2-1B83-431F-82A9-74F7AAFB13F3}.Debug|Any CPU.Build.0 = Debug|Any CPU
		{805AAAE2-1B83-431F-82A9-74F7AAFB13F3}.Debug|x64.ActiveCfg = Debug|Any CPU
		{805AAAE2-1B83-431F-82A9-74F7AAFB13F3}.Debug|x64.Build.0 = Debug|Any CPU
		{805AAAE2-1B83-431F-82A9-74F7AAFB13F3}.Debug|x86.ActiveCfg = Debug|Any CPU
		{805AAAE2-1B83-431F-82A9-74F7AAFB13F3}.Debug|x86.Build.0 = Debug|Any CPU
		{805AAAE2-1B83-431F-82A9-74F7AAFB13F3}.Release|Any CPU.ActiveCfg = Release|Any CPU
		{805AAAE2-1B83-431F-82A9-74F7AAFB13F3}.Release|Any CPU.Build.0 = Release|Any CPU
		{805AAAE2-1B83-431F-82A9-74F7AAFB13F3}.Release|x64.ActiveCfg = Release|Any CPU
		{805AAAE2-1B83-431F-82A9-74F7AAFB13F3}.Release|x64.Build.0 = Release|Any CPU
		{805AAAE2-1B83-431F-82A9-74F7AAFB13F3}.Release|x86.ActiveCfg = Release|Any CPU
		{805AAAE2-1B83-431F-82A9-74F7AAFB13F3}.Release|x86.Build.0 = Release|Any CPU
		{82999C42-B5E8-49CD-A86F-8A3F34C074CD}.Debug|Any CPU.ActiveCfg = Debug|Any CPU
		{82999C42-B5E8-49CD-A86F-8A3F34C074CD}.Debug|Any CPU.Build.0 = Debug|Any CPU
		{82999C42-B5E8-49CD-A86F-8A3F34C074CD}.Debug|x64.ActiveCfg = Debug|Any CPU
		{82999C42-B5E8-49CD-A86F-8A3F34C074CD}.Debug|x64.Build.0 = Debug|Any CPU
		{82999C42-B5E8-49CD-A86F-8A3F34C074CD}.Debug|x86.ActiveCfg = Debug|Any CPU
		{82999C42-B5E8-49CD-A86F-8A3F34C074CD}.Debug|x86.Build.0 = Debug|Any CPU
		{82999C42-B5E8-49CD-A86F-8A3F34C074CD}.Release|Any CPU.ActiveCfg = Release|Any CPU
		{82999C42-B5E8-49CD-A86F-8A3F34C074CD}.Release|Any CPU.Build.0 = Release|Any CPU
		{82999C42-B5E8-49CD-A86F-8A3F34C074CD}.Release|x64.ActiveCfg = Release|Any CPU
		{82999C42-B5E8-49CD-A86F-8A3F34C074CD}.Release|x64.Build.0 = Release|Any CPU
		{82999C42-B5E8-49CD-A86F-8A3F34C074CD}.Release|x86.ActiveCfg = Release|Any CPU
		{82999C42-B5E8-49CD-A86F-8A3F34C074CD}.Release|x86.Build.0 = Release|Any CPU
	EndGlobalSection
EndGlobal
