
Microsoft Visual Studio Solution File, Format Version 12.00
# Visual Studio Version 16
VisualStudioVersion = 16.0.29209.62
MinimumVisualStudioVersion = 15.0.26124.0
Project("{9A19103F-16F7-4668-BE54-9A1E7A4F7556}") = "EBook.Downloader.Common", "EBook.Downloader.Common\EBook.Downloader.Common.csproj", "{805AAAE2-1B83-431F-82A9-74F7AAFB13F3}"
EndProject
Project("{9A19103F-16F7-4668-BE54-9A1E7A4F7556}") = "EBook.Downloader.Standard.EBooks", "EBook.Downloader.Standard.EBooks\EBook.Downloader.Standard.EBooks.csproj", "{82999C42-B5E8-49CD-A86F-8A3F34C074CD}"
EndProject
Project("{2150E333-8FDC-42A3-9474-1A3956D46DE8}") = "Solution Items", "Solution Items", "{1737EB13-595B-46AB-9DB0-F08B8017C558}"
	ProjectSection(SolutionItems) = preProject
		.editorconfig = .editorconfig
		Directory.Build.props = Directory.Build.props
	EndProjectSection
EndProject
Project("{9A19103F-16F7-4668-BE54-9A1E7A4F7556}") = "EBook.Downloader.Syncfusion", "EBook.Downloader.Syncfusion\EBook.Downloader.Syncfusion.csproj", "{1A1A5610-43B7-490A-A9E7-C8645942E4A0}"
EndProject
Project("{9A19103F-16F7-4668-BE54-9A1E7A4F7556}") = "EBook.Downloader.Calibre", "EBook.Downloader.Calibre\EBook.Downloader.Calibre.csproj", "{B4961B97-185E-4BF6-AF86-A4F4241032D1}"
EndProject
Project("{9A19103F-16F7-4668-BE54-9A1E7A4F7556}") = "EBook.Downloader.Maintenance", "EBook.Downloader.Maintenance\EBook.Downloader.Maintenance.csproj", "{BF13F71D-E89D-4034-ABA4-C7927C18E48A}"
EndProject
Global
	GlobalSection(SolutionConfigurationPlatforms) = preSolution
		Debug|Any CPU = Debug|Any CPU
		Release|Any CPU = Release|Any CPU
	EndGlobalSection
	GlobalSection(ProjectConfigurationPlatforms) = postSolution
		{805AAAE2-1B83-431F-82A9-74F7AAFB13F3}.Debug|Any CPU.ActiveCfg = Debug|Any CPU
		{805AAAE2-1B83-431F-82A9-74F7AAFB13F3}.Debug|Any CPU.Build.0 = Debug|Any CPU
		{805AAAE2-1B83-431F-82A9-74F7AAFB13F3}.Release|Any CPU.ActiveCfg = Release|Any CPU
		{805AAAE2-1B83-431F-82A9-74F7AAFB13F3}.Release|Any CPU.Build.0 = Release|Any CPU
		{82999C42-B5E8-49CD-A86F-8A3F34C074CD}.Debug|Any CPU.ActiveCfg = Debug|Any CPU
		{82999C42-B5E8-49CD-A86F-8A3F34C074CD}.Debug|Any CPU.Build.0 = Debug|Any CPU
		{82999C42-B5E8-49CD-A86F-8A3F34C074CD}.Release|Any CPU.ActiveCfg = Release|Any CPU
		{82999C42-B5E8-49CD-A86F-8A3F34C074CD}.Release|Any CPU.Build.0 = Release|Any CPU
		{1A1A5610-43B7-490A-A9E7-C8645942E4A0}.Debug|Any CPU.ActiveCfg = Debug|Any CPU
		{1A1A5610-43B7-490A-A9E7-C8645942E4A0}.Debug|Any CPU.Build.0 = Debug|Any CPU
		{1A1A5610-43B7-490A-A9E7-C8645942E4A0}.Release|Any CPU.ActiveCfg = Release|Any CPU
		{1A1A5610-43B7-490A-A9E7-C8645942E4A0}.Release|Any CPU.Build.0 = Release|Any CPU
		{B4961B97-185E-4BF6-AF86-A4F4241032D1}.Debug|Any CPU.ActiveCfg = Debug|Any CPU
		{B4961B97-185E-4BF6-AF86-A4F4241032D1}.Debug|Any CPU.Build.0 = Debug|Any CPU
		{B4961B97-185E-4BF6-AF86-A4F4241032D1}.Release|Any CPU.ActiveCfg = Release|Any CPU
		{B4961B97-185E-4BF6-AF86-A4F4241032D1}.Release|Any CPU.Build.0 = Release|Any CPU
		{BF13F71D-E89D-4034-ABA4-C7927C18E48A}.Debug|Any CPU.ActiveCfg = Debug|Any CPU
		{BF13F71D-E89D-4034-ABA4-C7927C18E48A}.Debug|Any CPU.Build.0 = Debug|Any CPU
		{BF13F71D-E89D-4034-ABA4-C7927C18E48A}.Release|Any CPU.ActiveCfg = Release|Any CPU
		{BF13F71D-E89D-4034-ABA4-C7927C18E48A}.Release|Any CPU.Build.0 = Release|Any CPU
	EndGlobalSection
	GlobalSection(SolutionProperties) = preSolution
		HideSolutionNode = FALSE
	EndGlobalSection
	GlobalSection(ExtensibilityGlobals) = postSolution
		SolutionGuid = {28301BF2-5F4F-4B79-86B6-9F480A56354C}
	EndGlobalSection
EndGlobal
